
Microsoft Visual Studio Solution File, Format Version 12.00
# Visual Studio 15
Project("{FAE04EC0-301F-11D3-BF4B-00C04F79EFBC}") = "Assembly-CSharp", "Assembly-CSharp.csproj", "{ED6DF2A7-293A-3B7F-53D8-1D5162B0F3F2}"
EndProject
Project("{FAE04EC0-301F-11D3-BF4B-00C04F79EFBC}") = "Assembly-CSharp-Editor", "Assembly-CSharp-Editor.csproj", "{2FE97D78-216F-587B-FFF9-F4DC3863EF8A}"
EndProject
Global
	GlobalSection(SolutionConfigurationPlatforms) = preSolution
		Debug|Any CPU = Debug|Any CPU
		Release|Any CPU = Release|Any CPU
	EndGlobalSection
	GlobalSection(ProjectConfigurationPlatforms) = postSolution
		{ED6DF2A7-293A-3B7F-53D8-1D5162B0F3F2}.Debug|Any CPU.ActiveCfg = Debug|Any CPU
		{ED6DF2A7-293A-3B7F-53D8-1D5162B0F3F2}.Debug|Any CPU.Build.0 = Debug|Any CPU
		{ED6DF2A7-293A-3B7F-53D8-1D5162B0F3F2}.Release|Any CPU.ActiveCfg = Release|Any CPU
		{ED6DF2A7-293A-3B7F-53D8-1D5162B0F3F2}.Release|Any CPU.Build.0 = Release|Any CPU
		{2FE97D78-216F-587B-FFF9-F4DC3863EF8A}.Debug|Any CPU.ActiveCfg = Debug|Any CPU
		{2FE97D78-216F-587B-FFF9-F4DC3863EF8A}.Debug|Any CPU.Build.0 = Debug|Any CPU
		{2FE97D78-216F-587B-FFF9-F4DC3863EF8A}.Release|Any CPU.ActiveCfg = Release|Any CPU
		{2FE97D78-216F-587B-FFF9-F4DC3863EF8A}.Release|Any CPU.Build.0 = Release|Any CPU
	EndGlobalSection
	GlobalSection(SolutionProperties) = preSolution
		HideSolutionNode = FALSE
	EndGlobalSection
EndGlobal
