
Microsoft Visual Studio Solution File, Format Version 11.00
# Visual Studio 2010
Project("{FAE04EC0-301F-11D3-BF4B-00C04F79EFBC}") = "Assembly-CSharp", "Assembly-CSharp.csproj", "{BC84C14B-0E00-C1E9-E750-767DAA00BF39}"
EndProject
Project("{FAE04EC0-301F-11D3-BF4B-00C04F79EFBC}") = "Assembly-CSharp-Editor", "Assembly-CSharp-Editor.csproj", "{A2996B31-F8D7-EE95-D5ED-64AB90476417}"
EndProject
Global
	GlobalSection(SolutionConfigurationPlatforms) = preSolution
		Debug|Any CPU = Debug|Any CPU
		Release|Any CPU = Release|Any CPU
	EndGlobalSection
	GlobalSection(ProjectConfigurationPlatforms) = postSolution
		{BC84C14B-0E00-C1E9-E750-767DAA00BF39}.Debug|Any CPU.ActiveCfg = Debug|Any CPU
		{BC84C14B-0E00-C1E9-E750-767DAA00BF39}.Debug|Any CPU.Build.0 = Debug|Any CPU
		{BC84C14B-0E00-C1E9-E750-767DAA00BF39}.Release|Any CPU.ActiveCfg = Release|Any CPU
		{BC84C14B-0E00-C1E9-E750-767DAA00BF39}.Release|Any CPU.Build.0 = Release|Any CPU
		{A2996B31-F8D7-EE95-D5ED-64AB90476417}.Debug|Any CPU.ActiveCfg = Debug|Any CPU
		{A2996B31-F8D7-EE95-D5ED-64AB90476417}.Debug|Any CPU.Build.0 = Debug|Any CPU
		{A2996B31-F8D7-EE95-D5ED-64AB90476417}.Release|Any CPU.ActiveCfg = Release|Any CPU
		{A2996B31-F8D7-EE95-D5ED-64AB90476417}.Release|Any CPU.Build.0 = Release|Any CPU
	EndGlobalSection
	GlobalSection(SolutionProperties) = preSolution
		HideSolutionNode = FALSE
	EndGlobalSection
EndGlobal
